
Microsoft Visual Studio Solution File, Format Version 12.00
# Visual Studio Version 16
VisualStudioVersion = 16.0.31727.386
MinimumVisualStudioVersion = 10.0.40219.1
Project("{FAE04EC0-301F-11D3-BF4B-00C04F79EFBC}") = "CA211011", "CA211011\CA211011.csproj", "{8DA8C37C-13CD-44E2-A8BD-F5D8D37E3C1A}"
EndProject
Global
	GlobalSection(SolutionConfigurationPlatforms) = preSolution
		Debug|Any CPU = Debug|Any CPU
		Release|Any CPU = Release|Any CPU
	EndGlobalSection
	GlobalSection(ProjectConfigurationPlatforms) = postSolution
		{8DA8C37C-13CD-44E2-A8BD-F5D8D37E3C1A}.Debug|Any CPU.ActiveCfg = Debug|Any CPU
		{8DA8C37C-13CD-44E2-A8BD-F5D8D37E3C1A}.Debug|Any CPU.Build.0 = Debug|Any CPU
		{8DA8C37C-13CD-44E2-A8BD-F5D8D37E3C1A}.Release|Any CPU.ActiveCfg = Release|Any CPU
		{8DA8C37C-13CD-44E2-A8BD-F5D8D37E3C1A}.Release|Any CPU.Build.0 = Release|Any CPU
	EndGlobalSection
	GlobalSection(SolutionProperties) = preSolution
		HideSolutionNode = FALSE
	EndGlobalSection
	GlobalSection(ExtensibilityGlobals) = postSolution
		SolutionGuid = {65A22350-7769-4220-8EAF-C8DA56AA453B}
	EndGlobalSection
EndGlobal
